{
  "name": "sber-grepper",
  "version": "1.0.0",
  "lockfileVersion": 1,
  "requires": true,
  "dependencies": {
    "@types/node": {
      "version": "17.0.18",
      "resolved": "https://npm.yandex-team.ru/@types%2fnode/-/node-17.0.18.tgz?rbtorrent=d9ccace55fe5d30e535fb76f37fb1448bab547b4",
      "integrity": "sha512-eKj4f/BsN/qcculZiRSujogjvp5O/k4lOW5m35NopjZM/QwLOR075a8pJW5hD+Rtdm2DaCVPENS6KtSQnUD6BA==",
      "dev": true
    },
    "axios": {
      "version": "0.26.0",
      "resolved": "https://npm.yandex-team.ru/axios/-/axios-0.26.0.tgz?rbtorrent=1f5150f3cf6b42d562a11d7501eea5d5551d3c51",
      "integrity": "sha512-lKoGLMYtHvFrPVt3r+RBMp9nh34N0M8zEfCWqdWZx6phynIEhQqAdydpyBAAG211zlhX9Rgu08cOamy6XjE5Og==",
      "requires": {
        "follow-redirects": "^1.14.8"
      }
    },
    "boolbase": {
      "version": "1.0.0",
      "resolved": "https://npm.yandex-team.ru/boolbase/-/boolbase-1.0.0.tgz?rbtorrent=78bd01bf8083623ac2add4f259ec70a9b5dde5e8",
      "integrity": "sha1-aN/1++YMUes3cl6p4+0xDcwed24="
    },
    "css-select": {
      "version": "4.2.1",
      "resolved": "https://npm.yandex-team.ru/css-select/-/css-select-4.2.1.tgz?rbtorrent=2685c4c454ec698db4f89ee580d654928f24f9ea",
      "integrity": "sha512-/aUslKhzkTNCQUB2qTX84lVmfia9NyjP3WpDGtj/WxhwBzWBYUV3DgUpurHTme8UTPcPlAD1DJ+b0nN/t50zDQ==",
      "requires": {
        "boolbase": "^1.0.0",
        "css-what": "^5.1.0",
        "domhandler": "^4.3.0",
        "domutils": "^2.8.0",
        "nth-check": "^2.0.1"
      }
    },
    "css-what": {
      "version": "5.1.0",
      "resolved": "https://npm.yandex-team.ru/css-what/-/css-what-5.1.0.tgz?rbtorrent=b5f7dda3b5d76e46e9f31e4346d387b9c2320c32",
      "integrity": "sha512-arSMRWIIFY0hV8pIxZMEfmMI47Wj3R/aWpZDDxWYCPEiOMv6tfOrnpDtgxBYPEQD4V0Y/958+1TdC3iWTFcUPw=="
    },
    "dom-serializer": {
      "version": "1.3.2",
      "resolved": "https://npm.yandex-team.ru/dom-serializer/-/dom-serializer-1.3.2.tgz?rbtorrent=9fdc0ef5df00471662ef1819663c4dc893f2c97f",
      "integrity": "sha512-5c54Bk5Dw4qAxNOI1pFEizPSjVsx5+bpJKmL2kPn8JhBUq2q09tTCa3mjijun2NfK78NMouDYNMBkOrPZiS+ig==",
      "requires": {
        "domelementtype": "^2.0.1",
        "domhandler": "^4.2.0",
        "entities": "^2.0.0"
      }
    },
    "domelementtype": {
      "version": "2.2.0",
      "resolved": "https://npm.yandex-team.ru/domelementtype/-/domelementtype-2.2.0.tgz?rbtorrent=af823cd15bd18a7604c1c884628d95b643488a48",
      "integrity": "sha512-DtBMo82pv1dFtUmHyr48beiuq792Sxohr+8Hm9zoxklYPfa6n0Z3Byjj2IV7bmr2IyqClnqEQhfgHJJ5QF0R5A=="
    },
    "domhandler": {
      "version": "4.3.0",
      "resolved": "https://npm.yandex-team.ru/domhandler/-/domhandler-4.3.0.tgz?rbtorrent=3411b8dd25b8709051635674ebc98e156ee3d4aa",
      "integrity": "sha512-fC0aXNQXqKSFTr2wDNZDhsEYjCiYsDWl3D01kwt25hm1YIPyDGHvvi3rw+PLqHAl/m71MaiF7d5zvBr0p5UB2g==",
      "requires": {
        "domelementtype": "^2.2.0"
      }
    },
    "domutils": {
      "version": "2.8.0",
      "resolved": "https://npm.yandex-team.ru/domutils/-/domutils-2.8.0.tgz?rbtorrent=9f6ff36573554830f6e509ded21d9821da14d171",
      "integrity": "sha512-w96Cjofp72M5IIhpjgobBimYEfoPjx1Vx0BSX9P30WBdZW2WIKU0T1Bd0kz2eNZ9ikjKgHbEyKx8BB6H1L3h3A==",
      "requires": {
        "dom-serializer": "^1.0.1",
        "domelementtype": "^2.2.0",
        "domhandler": "^4.2.0"
      }
    },
    "entities": {
      "version": "2.2.0",
      "resolved": "https://npm.yandex-team.ru/entities/-/entities-2.2.0.tgz?rbtorrent=3964e4ad1b385dac4ec7ab6159e40c4e5fb8c8bd",
      "integrity": "sha512-p92if5Nz619I0w+akJrLZH0MX0Pb5DX39XOwQTtXSdQQOaYH03S1uIQp4mhOZtAXrxq4ViO67YTiLBo2638o9A=="
    },
    "follow-redirects": {
      "version": "1.14.9",
      "resolved": "https://npm.yandex-team.ru/follow-redirects/-/follow-redirects-1.14.9.tgz?rbtorrent=56124cf247b9fa3e18a17e86e250d6d26a64e613",
      "integrity": "sha512-MQDfihBQYMcyy5dhRDJUHcw7lb2Pv/TuE6xP1vyraLukNDHKbDxDNaOE3NbCAdKQApno+GPRyo1YAp89yCjK4w=="
    },
    "he": {
      "version": "1.2.0",
      "resolved": "https://npm.yandex-team.ru/he/-/he-1.2.0.tgz?rbtorrent=065c76aa0a0ff80d9212f522463744ab1c9d42b5",
      "integrity": "sha512-F/1DnUGPopORZi0ni+CvrCgHQ5FyEAHRLSApuYWMmrbSwoN2Mn/7k+Gl38gJnR7yyDZk6WLXwiGod1JOWNDKGw=="
    },
    "node-html-parser": {
      "version": "5.2.0",
      "resolved": "https://npm.yandex-team.ru/node-html-parser/-/node-html-parser-5.2.0.tgz?rbtorrent=d88a5db1c5ce00f988b5363614f2f7d1da53529f",
      "integrity": "sha512-fmiwLfQu+J2A0zjwSEkztSHexAf5qq/WoiL/Hgo1K7JpfEP+OGWY5maG0kGaM+IFVdixF/1QbyXaQ3h4cGfeLw==",
      "requires": {
        "css-select": "^4.1.3",
        "he": "1.2.0"
      }
    },
    "nth-check": {
      "version": "2.0.1",
      "resolved": "https://npm.yandex-team.ru/nth-check/-/nth-check-2.0.1.tgz?rbtorrent=ff56fe90911003d9b669d90bb3ab7660e417730c",
      "integrity": "sha512-it1vE95zF6dTT9lBsYbxvqh0Soy4SPowchj0UBGj/V6cTPnXXtQOPUbhZ6CmGzAD/rW22LQK6E96pcdJXk4A4w==",
      "requires": {
        "boolbase": "^1.0.0"
      }
    },
    "typescript": {
      "version": "4.5.5",
      "resolved": "https://npm.yandex-team.ru/typescript/-/typescript-4.5.5.tgz?rbtorrent=d06c8a9a4d509c27824d2f16fee27162de9ce6e5",
      "integrity": "sha512-TCTIul70LyWe6IJWT8QSYeA54WQe8EjQFU4wY52Fasj5UKx88LNYKCgBEHcOMOrFF1rKGbD8v/xcNWVUq9SymA==",
      "dev": true
    }
  }
}
